
Microsoft Visual Studio Solution File, Format Version 12.00
# Visual Studio Version 17
VisualStudioVersion = 17.5.33627.172
MinimumVisualStudioVersion = 10.0.40219.1
Project("{FAE04EC0-301F-11D3-BF4B-00C04F79EFBC}") = "AracKiralamaOtomasyonu", "AracKiralamaOtomasyonu\AracKiralamaOtomasyonu.csproj", "{CA4E3A5A-AD6A-4263-AC31-EAA697190899}"
EndProject
Global
	GlobalSection(SolutionConfigurationPlatforms) = preSolution
		Debug|Any CPU = Debug|Any CPU
		Release|Any CPU = Release|Any CPU
	EndGlobalSection
	GlobalSection(ProjectConfigurationPlatforms) = postSolution
		{CA4E3A5A-AD6A-4263-AC31-EAA697190899}.Debug|Any CPU.ActiveCfg = Debug|Any CPU
		{CA4E3A5A-AD6A-4263-AC31-EAA697190899}.Debug|Any CPU.Build.0 = Debug|Any CPU
		{CA4E3A5A-AD6A-4263-AC31-EAA697190899}.Release|Any CPU.ActiveCfg = Release|Any CPU
		{CA4E3A5A-AD6A-4263-AC31-EAA697190899}.Release|Any CPU.Build.0 = Release|Any CPU
	EndGlobalSection
	GlobalSection(SolutionProperties) = preSolution
		HideSolutionNode = FALSE
	EndGlobalSection
	GlobalSection(ExtensibilityGlobals) = postSolution
		SolutionGuid = {527E395C-F6DA-4979-A37A-16D4E7DAC749}
	EndGlobalSection
EndGlobal
